
Microsoft Visual Studio Solution File, Format Version 12.00
# Visual Studio Version 17
VisualStudioVersion = 17.2.32616.157
MinimumVisualStudioVersion = 10.0.40219.1
Project("{FAE04EC0-301F-11D3-BF4B-00C04F79EFBC}") = "hello world", "hello world\hello world.csproj", "{428E839B-2305-4DA2-A43A-69788D4A43EB}"
EndProject
Global
	GlobalSection(SolutionConfigurationPlatforms) = preSolution
		Debug|Any CPU = Debug|Any CPU
		Release|Any CPU = Release|Any CPU
	EndGlobalSection
	GlobalSection(ProjectConfigurationPlatforms) = postSolution
		{428E839B-2305-4DA2-A43A-69788D4A43EB}.Debug|Any CPU.ActiveCfg = Debug|Any CPU
		{428E839B-2305-4DA2-A43A-69788D4A43EB}.Debug|Any CPU.Build.0 = Debug|Any CPU
		{428E839B-2305-4DA2-A43A-69788D4A43EB}.Release|Any CPU.ActiveCfg = Release|Any CPU
		{428E839B-2305-4DA2-A43A-69788D4A43EB}.Release|Any CPU.Build.0 = Release|Any CPU
	EndGlobalSection
	GlobalSection(SolutionProperties) = preSolution
		HideSolutionNode = FALSE
	EndGlobalSection
	GlobalSection(ExtensibilityGlobals) = postSolution
		SolutionGuid = {C9EEB13E-59D7-4D66-9E13-1991914654D0}
	EndGlobalSection
EndGlobal
